// !$*UTF8*$!
{
	archiveVersion = 1;
	classes = {
	};
	objectVersion = 50;
	objects = {

/* Begin PBXBuildFile section */
		179682A723299E0F00319B06 /* AppDelegate.swift in Sources */ = {isa = PBXBuildFile; fileRef = 179682A623299E0F00319B06 /* AppDelegate.swift */; };
		179682A923299E0F00319B06 /* SceneDelegate.swift in Sources */ = {isa = PBXBuildFile; fileRef = 179682A823299E0F00319B06 /* SceneDelegate.swift */; };
		179682AD23299E1000319B06 /* Assets.xcassets in Resources */ = {isa = PBXBuildFile; fileRef = 179682AC23299E1000319B06 /* Assets.xcassets */; };
		179682B023299E1000319B06 /* Preview Assets.xcassets in Resources */ = {isa = PBXBuildFile; fileRef = 179682AF23299E1000319B06 /* Preview Assets.xcassets */; };
		179682B323299E1000319B06 /* LaunchScreen.storyboard in Resources */ = {isa = PBXBuildFile; fileRef = 179682B123299E1000319B06 /* LaunchScreen.storyboard */; };
		17D03EDD232E488F0070BCB8 /* MainView.swift in Sources */ = {isa = PBXBuildFile; fileRef = 17D03EDC232E488F0070BCB8 /* MainView.swift */; };
		17D03EDF2330427D0070BCB8 /* User.swift in Sources */ = {isa = PBXBuildFile; fileRef = 17D03EDE2330427D0070BCB8 /* User.swift */; };
		17D03EE1233047D50070BCB8 /* UserView.swift in Sources */ = {isa = PBXBuildFile; fileRef = 17D03EE0233047D50070BCB8 /* UserView.swift */; };
/* End PBXBuildFile section */

/* Begin PBXFileReference section */
		179682A323299E0F00319B06 /* ReturningHome.app */ = {isa = PBXFileReference; explicitFileType = wrapper.application; includeInIndex = 0; path = ReturningHome.app; sourceTree = BUILT_PRODUCTS_DIR; };
		179682A623299E0F00319B06 /* AppDelegate.swift */ = {isa = PBXFileReference; lastKnownFileType = sourcecode.swift; path = AppDelegate.swift; sourceTree = "<group>"; };
		179682A823299E0F00319B06 /* SceneDelegate.swift */ = {isa = PBXFileReference; lastKnownFileType = sourcecode.swift; path = SceneDelegate.swift; sourceTree = "<group>"; };
		179682AC23299E1000319B06 /* Assets.xcassets */ = {isa = PBXFileReference; lastKnownFileType = folder.assetcatalog; path = Assets.xcassets; sourceTree = "<group>"; };
		179682AF23299E1000319B06 /* Preview Assets.xcassets */ = {isa = PBXFileReference; lastKnownFileType = folder.assetcatalog; path = "Preview Assets.xcassets"; sourceTree = "<group>"; };
		179682B223299E1000319B06 /* Base */ = {isa = PBXFileReference; lastKnownFileType = file.storyboard; name = Base; path = Base.lproj/LaunchScreen.storyboard; sourceTree = "<group>"; };
		179682B423299E1000319B06 /* Info.plist */ = {isa = PBXFileReference; lastKnownFileType = text.plist.xml; path = Info.plist; sourceTree = "<group>"; };
		17D03EDC232E488F0070BCB8 /* MainView.swift */ = {isa = PBXFileReference; lastKnownFileType = sourcecode.swift; path = MainView.swift; sourceTree = "<group>"; };
		17D03EDE2330427D0070BCB8 /* User.swift */ = {isa = PBXFileReference; lastKnownFileType = sourcecode.swift; path = User.swift; sourceTree = "<group>"; };
		17D03EE0233047D50070BCB8 /* UserView.swift */ = {isa = PBXFileReference; lastKnownFileType = sourcecode.swift; path = UserView.swift; sourceTree = "<group>"; };
/* End PBXFileReference section */

/* Begin PBXFrameworksBuildPhase section */
		179682A023299E0F00319B06 /* Frameworks */ = {
			isa = PBXFrameworksBuildPhase;
			buildActionMask = 2147483647;
			files = (
			);
			runOnlyForDeploymentPostprocessing = 0;
		};
/* End PBXFrameworksBuildPhase section */

/* Begin PBXGroup section */
		1796829A23299E0F00319B06 = {
			isa = PBXGroup;
			children = (
				179682A523299E0F00319B06 /* ReturningHome */,
				179682A423299E0F00319B06 /* Products */,
			);
			sourceTree = "<group>";
		};
		179682A423299E0F00319B06 /* Products */ = {
			isa = PBXGroup;
			children = (
				179682A323299E0F00319B06 /* ReturningHome.app */,
			);
			name = Products;
			sourceTree = "<group>";
		};
		179682A523299E0F00319B06 /* ReturningHome */ = {
			isa = PBXGroup;
			children = (
				179682A623299E0F00319B06 /* AppDelegate.swift */,
				179682A823299E0F00319B06 /* SceneDelegate.swift */,
				17D03EDC232E488F0070BCB8 /* MainView.swift */,
				17D03EE0233047D50070BCB8 /* UserView.swift */,
				17D03EDE2330427D0070BCB8 /* User.swift */,
				179682AC23299E1000319B06 /* Assets.xcassets */,
				179682B123299E1000319B06 /* LaunchScreen.storyboard */,
				179682B423299E1000319B06 /* Info.plist */,
				179682AE23299E1000319B06 /* Preview Content */,
			);
			path = ReturningHome;
			sourceTree = "<group>";
		};
		179682AE23299E1000319B06 /* Preview Content */ = {
			isa = PBXGroup;
			children = (
				179682AF23299E1000319B06 /* Preview Assets.xcassets */,
			);
			path = "Preview Content";
			sourceTree = "<group>";
		};
/* End PBXGroup section */

/* Begin PBXNativeTarget section */
		179682A223299E0F00319B06 /* ReturningHome */ = {
			isa = PBXNativeTarget;
			buildConfigurationList = 179682B723299E1000319B06 /* Build configuration list for PBXNativeTarget "ReturningHome" */;
			buildPhases = (
				1796829F23299E0F00319B06 /* Sources */,
				179682A023299E0F00319B06 /* Frameworks */,
				179682A123299E0F00319B06 /* Resources */,
			);
			buildRules = (
			);
			dependencies = (
			);
			name = ReturningHome;
			productName = ReturningHome;
			productReference = 179682A323299E0F00319B06 /* ReturningHome.app */;
			productType = "com.apple.product-type.application";
		};
/* End PBXNativeTarget section */

/* Begin PBXProject section */
		1796829B23299E0F00319B06 /* Project object */ = {
			isa = PBXProject;
			attributes = {
				LastSwiftUpdateCheck = 1100;
				LastUpgradeCheck = 1100;
				ORGANIZATIONNAME = "Dennis Schmidt";
				TargetAttributes = {
					179682A223299E0F00319B06 = {
						CreatedOnToolsVersion = 11.0;
					};
				};
			};
			buildConfigurationList = 1796829E23299E0F00319B06 /* Build configuration list for PBXProject "ReturningHome" */;
			compatibilityVersion = "Xcode 9.3";
			developmentRegion = en;
			hasScannedForEncodings = 0;
			knownRegions = (
				en,
				Base,
			);
			mainGroup = 1796829A23299E0F00319B06;
			productRefGroup = 179682A423299E0F00319B06 /* Products */;
			projectDirPath = "";
			projectRoot = "";
			targets = (
				179682A223299E0F00319B06 /* ReturningHome */,
			);
		};
/* End PBXProject section */

/* Begin PBXResourcesBuildPhase section */
		179682A123299E0F00319B06 /* Resources */ = {
			isa = PBXResourcesBuildPhase;
			buildActionMask = 2147483647;
			files = (
				179682B323299E1000319B06 /* LaunchScreen.storyboard in Resources */,
				179682B023299E1000319B06 /* Preview Assets.xcassets in Resources */,
				179682AD23299E1000319B06 /* Assets.xcassets in Resources */,
			);
			runOnlyForDeploymentPostprocessing = 0;
		};
/* End PBXResourcesBuildPhase section */

/* Begin PBXSourcesBuildPhase section */
		1796829F23299E0F00319B06 /* Sources */ = {
			isa = PBXSourcesBuildPhase;
			buildActionMask = 2147483647;
			files = (
				179682A723299E0F00319B06 /* AppDelegate.swift in Sources */,
				17D03EE1233047D50070BCB8 /* UserView.swift in Sources */,
				17D03EDD232E488F0070BCB8 /* MainView.swift in Sources */,
				179682A923299E0F00319B06 /* SceneDelegate.swift in Sources */,
				17D03EDF2330427D0070BCB8 /* User.swift in Sources */,
			);
			runOnlyForDeploymentPostprocessing = 0;
		};
/* End PBXSourcesBuildPhase section */

/* Begin PBXVariantGroup section */
		179682B123299E1000319B06 /* LaunchScreen.storyboard */ = {
			isa = PBXVariantGroup;
			children = (
				179682B223299E1000319B06 /* Base */,
			);
			name = LaunchScreen.storyboard;
			sourceTree = "<group>";
		};
/* End PBXVariantGroup section */

/* Begin XCBuildConfiguration section */
		179682B523299E1000319B06 /* Debug */ = {
			isa = XCBuildConfiguration;
			buildSettings = {
				ALWAYS_SEARCH_USER_PATHS = NO;
				CLANG_ANALYZER_NONNULL = YES;
				CLANG_ANALYZER_NUMBER_OBJECT_CONVERSION = YES_AGGRESSIVE;
				CLANG_CXX_LANGUAGE_STANDARD = "gnu++14";
				CLANG_CXX_LIBRARY = "libc++";
				CLANG_ENABLE_MODULES = YES;
				CLANG_ENABLE_OBJC_ARC = YES;
				CLANG_ENABLE_OBJC_WEAK = YES;
				CLANG_WARN_BLOCK_CAPTURE_AUTORELEASING = YES;
				CLANG_WARN_BOOL_CONVERSION = YES;
				CLANG_WARN_COMMA = YES;
				CLANG_WARN_CONSTANT_CONVERSION = YES;
				CLANG_WARN_DEPRECATED_OBJC_IMPLEMENTATIONS = YES;
				CLANG_WARN_DIRECT_OBJC_ISA_USAGE = YES_ERROR;
				CLANG_WARN_DOCUMENTATION_COMMENTS = YES;
				CLANG_WARN_EMPTY_BODY = YES;
				CLANG_WARN_ENUM_CONVERSION = YES;
				CLANG_WARN_INFINITE_RECURSION = YES;
				CLANG_WARN_INT_CONVERSION = YES;
				CLANG_WARN_NON_LITERAL_NULL_CONVERSION = YES;
				CLANG_WARN_OBJC_IMPLICIT_RETAIN_SELF = YES;
				CLANG_WARN_OBJC_LITERAL_CONVERSION = YES;
				CLANG_WARN_OBJC_ROOT_CLASS = YES_ERROR;
				CLANG_WARN_RANGE_LOOP_ANALYSIS = YES;
				CLANG_WARN_STRICT_PROTOTYPES = YES;
				CLANG_WARN_SUSPICIOUS_MOVE = YES;
				CLANG_WARN_UNGUARDED_AVAILABILITY = YES_AGGRESSIVE;
				CLANG_WARN_UNREACHABLE_CODE = YES;
				CLANG_WARN__DUPLICATE_METHOD_MATCH = YES;
				COPY_PHASE_STRIP = NO;
				DEBUG_INFORMATION_FORMAT = dwarf;
				ENABLE_STRICT_OBJC_MSGSEND = YES;
				ENABLE_TESTABILITY = YES;
				GCC_C_LANGUAGE_STANDARD = gnu11;
				GCC_DYNAMIC_NO_PIC = NO;
				GCC_NO_COMMON_BLOCKS = YES;
				GCC_OPTIMIZATION_LEVEL = 0;
				GCC_PREPROCESSOR_DEFINITIONS = (
					"DEBUG=1",
					"$(inherited)",
				);
				GCC_WARN_64_TO_32_BIT_CONVERSION = YES;
				GCC_WARN_ABOUT_RETURN_TYPE = YES_ERROR;
				GCC_WARN_UNDECLARED_SELECTOR = YES;
				GCC_WARN_UNINITIALIZED_AUTOS = YES_AGGRESSIVE;
				GCC_WARN_UNUSED_FUNCTION = YES;
				GCC_WARN_UNUSED_VARIABLE = YES;
				IPHONEOS_DEPLOYMENT_TARGET = 13.0;
				MTL_ENABLE_DEBUG_INFO = INCLUDE_SOURCE;
				MTL_FAST_MATH = YES;
				ONLY_ACTIVE_ARCH = YES;
				SDKROOT = iphoneos;
				SWIFT_ACTIVE_COMPILATION_CONDITIONS = DEBUG;
				SWIFT_OPTIMIZATION_LEVEL = "-Onone";
			};
			name = Debug;
		};
		179682B623299E1000319B06 /* Release */ = {
			isa = XCBuildConfiguration;
			buildSettings = {
				ALWAYS_SEARCH_USER_PATHS = NO;
				CLANG_ANALYZER_NONNULL = YES;
				CLANG_ANALYZER_NUMBER_OBJECT_CONVERSION = YES_AGGRESSIVE;
				CLANG_CXX_LANGUAGE_STANDARD = "gnu++14";
				CLANG_CXX_LIBRARY = "libc++";
				CLANG_ENABLE_MODULES = YES;
				CLANG_ENABLE_OBJC_ARC = YES;
				CLANG_ENABLE_OBJC_WEAK = YES;
				CLANG_WARN_BLOCK_CAPTURE_AUTORELEASING = YES;
				CLANG_WARN_BOOL_CONVERSION = YES;
				CLANG_WARN_COMMA = YES;
				CLANG_WARN_CONSTANT_CONVERSION = YES;
				CLANG_WARN_DEPRECATED_OBJC_IMPLEMENTATIONS = YES;
				CLANG_WARN_DIRECT_OBJC_ISA_USAGE = YES_ERROR;
				CLANG_WARN_DOCUMENTATION_COMMENTS = YES;
				CLANG_WARN_EMPTY_BODY = YES;
				CLANG_WARN_ENUM_CONVERSION = YES;
				CLANG_WARN_INFINITE_RECURSION = YES;
				CLANG_WARN_INT_CONVERSION = YES;
				CLANG_WARN_NON_LITERAL_NULL_CONVERSION = YES;
				CLANG_WARN_OBJC_IMPLICIT_RETAIN_SELF = YES;
				CLANG_WARN_OBJC_LITERAL_CONVERSION = YES;
				CLANG_WARN_OBJC_ROOT_CLASS = YES_ERROR;
				CLANG_WARN_RANGE_LOOP_ANALYSIS = YES;
				CLANG_WARN_STRICT_PROTOTYPES = YES;
				CLANG_WARN_SUSPICIOUS_MOVE = YES;
				CLANG_WARN_UNGUARDED_AVAILABILITY = YES_AGGRESSIVE;
				CLANG_WARN_UNREACHABLE_CODE = YES;
				CLANG_WARN__DUPLICATE_METHOD_MATCH = YES;
				COPY_PHASE_STRIP = NO;
				DEBUG_INFORMATION_FORMAT = "dwarf-with-dsym";
				ENABLE_NS_ASSERTIONS = NO;
				ENABLE_STRICT_OBJC_MSGSEND = YES;
				GCC_C_LANGUAGE_STANDARD = gnu11;
				GCC_NO_COMMON_BLOCKS = YES;
				GCC_WARN_64_TO_32_BIT_CONVERSION = YES;
				GCC_WARN_ABOUT_RETURN_TYPE = YES_ERROR;
				GCC_WARN_UNDECLARED_SELECTOR = YES;
				GCC_WARN_UNINITIALIZED_AUTOS = YES_AGGRESSIVE;
				GCC_WARN_UNUSED_FUNCTION = YES;
				GCC_WARN_UNUSED_VARIABLE = YES;
				IPHONEOS_DEPLOYMENT_TARGET = 13.0;
				MTL_ENABLE_DEBUG_INFO = NO;
				MTL_FAST_MATH = YES;
				SDKROOT = iphoneos;
				SWIFT_COMPILATION_MODE = wholemodule;
				SWIFT_OPTIMIZATION_LEVEL = "-O";
				VALIDATE_PRODUCT = YES;
			};
			name = Release;
		};
		179682B823299E1000319B06 /* Debug */ = {
			isa = XCBuildConfiguration;
			buildSettings = {
				ASSETCATALOG_COMPILER_APPICON_NAME = AppIcon;
				CODE_SIGN_STYLE = Automatic;
				DEVELOPMENT_ASSET_PATHS = "\"ReturningHome/Preview Content\"";
				DEVELOPMENT_TEAM = 9RA78NC4VX;
				ENABLE_PREVIEWS = YES;
				INFOPLIST_FILE = ReturningHome/Info.plist;
				LD_RUNPATH_SEARCH_PATHS = (
					"$(inherited)",
					"@executable_path/Frameworks",
				);
				PRODUCT_BUNDLE_IDENTIFIER = dk.nytorv.ReturningHome;
				PRODUCT_NAME = "$(TARGET_NAME)";
				SWIFT_VERSION = 5.0;
				TARGETED_DEVICE_FAMILY = "1,2";
			};
			name = Debug;
		};
		179682B923299E1000319B06 /* Release */ = {
			isa = XCBuildConfiguration;
			buildSettings = {
				ASSETCATALOG_COMPILER_APPICON_NAME = AppIcon;
				CODE_SIGN_STYLE = Automatic;
				DEVELOPMENT_ASSET_PATHS = "\"ReturningHome/Preview Content\"";
				DEVELOPMENT_TEAM = 9RA78NC4VX;
				ENABLE_PREVIEWS = YES;
				INFOPLIST_FILE = ReturningHome/Info.plist;
				LD_RUNPATH_SEARCH_PATHS = (
					"$(inherited)",
					"@executable_path/Frameworks",
				);
				PRODUCT_BUNDLE_IDENTIFIER = dk.nytorv.ReturningHome;
				PRODUCT_NAME = "$(TARGET_NAME)";
				SWIFT_VERSION = 5.0;
				TARGETED_DEVICE_FAMILY = "1,2";
			};
			name = Release;
		};
/* End XCBuildConfiguration section */

/* Begin XCConfigurationList section */
		1796829E23299E0F00319B06 /* Build configuration list for PBXProject "ReturningHome" */ = {
			isa = XCConfigurationList;
			buildConfigurations = (
				179682B523299E1000319B06 /* Debug */,
				179682B623299E1000319B06 /* Release */,
			);
			defaultConfigurationIsVisible = 0;
			defaultConfigurationName = Release;
		};
		179682B723299E1000319B06 /* Build configuration list for PBXNativeTarget "ReturningHome" */ = {
			isa = XCConfigurationList;
			buildConfigurations = (
				179682B823299E1000319B06 /* Debug */,
				179682B923299E1000319B06 /* Release */,
			);
			defaultConfigurationIsVisible = 0;
			defaultConfigurationName = Release;
		};
/* End XCConfigurationList section */
	};
	rootObject = 1796829B23299E0F00319B06 /* Project object */;
}
